[[package]]
name = "pypirc"
version = "1.0.4"
description = "PyPiRC: .pypirc Manager"
category = "main"
optional = false
python-versions = "*"

[metadata]
lock-version = "1.1"
python-versions = "*"
content-hash = "a1473c8c2fe00c5e99764187c1620140c1daa4ecd5d3a42929d02faa1c9e27c1"

[metadata.files]
pypirc = [
    {file = "pypirc-1.0.4.tar.gz", hash = "sha256:56b8e8c21212020312148955515e3ea9da2db170be454e75c455963e1f104d88"},
]
